
Microsoft Visual Studio Solution File, Format Version 12.00
# Visual Studio 15
VisualStudioVersion = 15.0.26124.0
MinimumVisualStudioVersion = 15.0.26124.0
Project("{FAE04EC0-301F-11D3-BF4B-00C04F79EFBC}") = "DiscordBot", "DiscordBot\DiscordBot.csproj", "{EBB18882-554A-4EEA-B0E2-64B3E5B53503}"
EndProject
Project("{FAE04EC0-301F-11D3-BF4B-00C04F79EFBC}") = "DiscordBot.xUnit.Tests", "DiscordBot.xUnit.Tests\DiscordBot.xUnit.Tests.csproj", "{DC40C138-CCE0-4AAC-8CDD-5C3EFB3D19F7}"
EndProject
Global
	GlobalSection(SolutionConfigurationPlatforms) = preSolution
		Debug|Any CPU = Debug|Any CPU
		Debug|x64 = Debug|x64
		Debug|x86 = Debug|x86
		Release|Any CPU = Release|Any CPU
		Release|x64 = Release|x64
		Release|x86 = Release|x86
	EndGlobalSection
	GlobalSection(SolutionProperties) = preSolution
		HideSolutionNode = FALSE
	EndGlobalSection
	GlobalSection(ProjectConfigurationPlatforms) = postSolution
		{EBB18882-554A-4EEA-B0E2-64B3E5B53503}.Debug|Any CPU.ActiveCfg = Debug|Any CPU
		{EBB18882-554A-4EEA-B0E2-64B3E5B53503}.Debug|Any CPU.Build.0 = Debug|Any CPU
		{EBB18882-554A-4EEA-B0E2-64B3E5B53503}.Debug|x64.ActiveCfg = Debug|Any CPU
		{EBB18882-554A-4EEA-B0E2-64B3E5B53503}.Debug|x64.Build.0 = Debug|Any CPU
		{EBB18882-554A-4EEA-B0E2-64B3E5B53503}.Debug|x86.ActiveCfg = Debug|Any CPU
		{EBB18882-554A-4EEA-B0E2-64B3E5B53503}.Debug|x86.Build.0 = Debug|Any CPU
		{EBB18882-554A-4EEA-B0E2-64B3E5B53503}.Release|Any CPU.ActiveCfg = Release|Any CPU
		{EBB18882-554A-4EEA-B0E2-64B3E5B53503}.Release|Any CPU.Build.0 = Release|Any CPU
		{EBB18882-554A-4EEA-B0E2-64B3E5B53503}.Release|x64.ActiveCfg = Release|Any CPU
		{EBB18882-554A-4EEA-B0E2-64B3E5B53503}.Release|x64.Build.0 = Release|Any CPU
		{EBB18882-554A-4EEA-B0E2-64B3E5B53503}.Release|x86.ActiveCfg = Release|Any CPU
		{EBB18882-554A-4EEA-B0E2-64B3E5B53503}.Release|x86.Build.0 = Release|Any CPU
		{DC40C138-CCE0-4AAC-8CDD-5C3EFB3D19F7}.Debug|Any CPU.ActiveCfg = Debug|Any CPU
		{DC40C138-CCE0-4AAC-8CDD-5C3EFB3D19F7}.Debug|Any CPU.Build.0 = Debug|Any CPU
		{DC40C138-CCE0-4AAC-8CDD-5C3EFB3D19F7}.Debug|x64.ActiveCfg = Debug|Any CPU
		{DC40C138-CCE0-4AAC-8CDD-5C3EFB3D19F7}.Debug|x64.Build.0 = Debug|Any CPU
		{DC40C138-CCE0-4AAC-8CDD-5C3EFB3D19F7}.Debug|x86.ActiveCfg = Debug|Any CPU
		{DC40C138-CCE0-4AAC-8CDD-5C3EFB3D19F7}.Debug|x86.Build.0 = Debug|Any CPU
		{DC40C138-CCE0-4AAC-8CDD-5C3EFB3D19F7}.Release|Any CPU.ActiveCfg = Release|Any CPU
		{DC40C138-CCE0-4AAC-8CDD-5C3EFB3D19F7}.Release|Any CPU.Build.0 = Release|Any CPU
		{DC40C138-CCE0-4AAC-8CDD-5C3EFB3D19F7}.Release|x64.ActiveCfg = Release|Any CPU
		{DC40C138-CCE0-4AAC-8CDD-5C3EFB3D19F7}.Release|x64.Build.0 = Release|Any CPU
		{DC40C138-CCE0-4AAC-8CDD-5C3EFB3D19F7}.Release|x86.ActiveCfg = Release|Any CPU
		{DC40C138-CCE0-4AAC-8CDD-5C3EFB3D19F7}.Release|x86.Build.0 = Release|Any CPU
	EndGlobalSection
EndGlobal
